
Microsoft Visual Studio Solution File, Format Version 12.00
# Visual Studio Version 17
VisualStudioVersion = 17.7.34031.279
MinimumVisualStudioVersion = 10.0.40219.1
Project("{9A19103F-16F7-4668-BE54-9A1E7A4F7556}") = "Sorting", "Sorting\Sorting.csproj", "{EF7221F9-C19C-466B-B7B9-EF07D56513ED}"
EndProject
Project("{FAE04EC0-301F-11D3-BF4B-00C04F79EFBC}") = "Sorting.Tests", "sorting.tests\Sorting.Tests\Sorting.Tests.csproj", "{329366A5-F227-47AA-B4D7-949B0921BACD}"
EndProject
Global
	GlobalSection(SolutionConfigurationPlatforms) = preSolution
		Debug|Any CPU = Debug|Any CPU
		Release|Any CPU = Release|Any CPU
	EndGlobalSection
	GlobalSection(ProjectConfigurationPlatforms) = postSolution
		{EF7221F9-C19C-466B-B7B9-EF07D56513ED}.Debug|Any CPU.ActiveCfg = Debug|Any CPU
		{EF7221F9-C19C-466B-B7B9-EF07D56513ED}.Debug|Any CPU.Build.0 = Debug|Any CPU
		{EF7221F9-C19C-466B-B7B9-EF07D56513ED}.Release|Any CPU.ActiveCfg = Release|Any CPU
		{EF7221F9-C19C-466B-B7B9-EF07D56513ED}.Release|Any CPU.Build.0 = Release|Any CPU
		{329366A5-F227-47AA-B4D7-949B0921BACD}.Debug|Any CPU.ActiveCfg = Debug|Any CPU
		{329366A5-F227-47AA-B4D7-949B0921BACD}.Debug|Any CPU.Build.0 = Debug|Any CPU
		{329366A5-F227-47AA-B4D7-949B0921BACD}.Release|Any CPU.ActiveCfg = Release|Any CPU
		{329366A5-F227-47AA-B4D7-949B0921BACD}.Release|Any CPU.Build.0 = Release|Any CPU
	EndGlobalSection
	GlobalSection(SolutionProperties) = preSolution
		HideSolutionNode = FALSE
	EndGlobalSection
	GlobalSection(ExtensibilityGlobals) = postSolution
		SolutionGuid = {CD566675-4DC5-44B6-A012-8246508C729F}
	EndGlobalSection
EndGlobal
